
Microsoft Visual Studio Solution File, Format Version 11.00
# Visual Studio 2010
Project("{FAE04EC0-301F-11D3-BF4B-00C04F79EFBC}") = "Damisam.Objects", "Damisam.Objects\Damisam.Objects.csproj", "{FE2A145A-1E2B-46D9-99BE-75B1379DF191}"
EndProject
Project("{FAE04EC0-301F-11D3-BF4B-00C04F79EFBC}") = "Damisam.MathematicsCalculations", "Damisam.MathematicsCalculations\Damisam.MathematicsCalculations.csproj", "{611ECB48-18BE-4415-A586-DBAC824E97C1}"
EndProject
Project("{FAE04EC0-301F-11D3-BF4B-00C04F79EFBC}") = "Damisam.MathematicsCalculations.Tests", "Damisam.MathematicsCalculations.Tests\Damisam.MathematicsCalculations.Tests.csproj", "{40FEADF5-7E8C-4ABE-A7D1-4047F0BC1A0D}"
EndProject
Project("{FAE04EC0-301F-11D3-BF4B-00C04F79EFBC}") = "Damisam.UserInterface", "Damisam.UserInterface\Damisam.UserInterface.csproj", "{4946893E-2AC8-4D21-B260-A4BE981BEDA2}"
EndProject
Global
	GlobalSection(TestCaseManagementSettings) = postSolution
		CategoryFile = Damisam.UserInterface.vsmdi
	EndGlobalSection
	GlobalSection(SolutionConfigurationPlatforms) = preSolution
		Debug|Any CPU = Debug|Any CPU
		Release|Any CPU = Release|Any CPU
	EndGlobalSection
	GlobalSection(ProjectConfigurationPlatforms) = postSolution
		{FE2A145A-1E2B-46D9-99BE-75B1379DF191}.Debug|Any CPU.ActiveCfg = Debug|Any CPU
		{FE2A145A-1E2B-46D9-99BE-75B1379DF191}.Debug|Any CPU.Build.0 = Debug|Any CPU
		{FE2A145A-1E2B-46D9-99BE-75B1379DF191}.Release|Any CPU.ActiveCfg = Release|Any CPU
		{FE2A145A-1E2B-46D9-99BE-75B1379DF191}.Release|Any CPU.Build.0 = Release|Any CPU
		{611ECB48-18BE-4415-A586-DBAC824E97C1}.Debug|Any CPU.ActiveCfg = Debug|Any CPU
		{611ECB48-18BE-4415-A586-DBAC824E97C1}.Debug|Any CPU.Build.0 = Debug|Any CPU
		{611ECB48-18BE-4415-A586-DBAC824E97C1}.Release|Any CPU.ActiveCfg = Release|Any CPU
		{611ECB48-18BE-4415-A586-DBAC824E97C1}.Release|Any CPU.Build.0 = Release|Any CPU
		{40FEADF5-7E8C-4ABE-A7D1-4047F0BC1A0D}.Debug|Any CPU.ActiveCfg = Debug|Any CPU
		{40FEADF5-7E8C-4ABE-A7D1-4047F0BC1A0D}.Debug|Any CPU.Build.0 = Debug|Any CPU
		{40FEADF5-7E8C-4ABE-A7D1-4047F0BC1A0D}.Release|Any CPU.ActiveCfg = Release|Any CPU
		{40FEADF5-7E8C-4ABE-A7D1-4047F0BC1A0D}.Release|Any CPU.Build.0 = Release|Any CPU
		{4946893E-2AC8-4D21-B260-A4BE981BEDA2}.Debug|Any CPU.ActiveCfg = Debug|Any CPU
		{4946893E-2AC8-4D21-B260-A4BE981BEDA2}.Debug|Any CPU.Build.0 = Debug|Any CPU
		{4946893E-2AC8-4D21-B260-A4BE981BEDA2}.Release|Any CPU.ActiveCfg = Release|Any CPU
		{4946893E-2AC8-4D21-B260-A4BE981BEDA2}.Release|Any CPU.Build.0 = Release|Any CPU
	EndGlobalSection
	GlobalSection(SolutionProperties) = preSolution
		HideSolutionNode = FALSE
	EndGlobalSection
EndGlobal
